
Microsoft Visual Studio Solution File, Format Version 12.00
# Visual Studio Version 16
VisualStudioVersion = 16.0.31112.23
MinimumVisualStudioVersion = 10.0.40219.1
Project("{9A19103F-16F7-4668-BE54-9A1E7A4F7556}") = "ServerLibrary", "Server\ServerLibrary\ServerLibrary.csproj", "{04AD2349-528E-4C7D-93B6-F536993AB66D}"
	ProjectSection(ProjectDependencies) = postProject
		{81ACB2E8-F0BE-42AC-8DD2-E9A1F284E49B} = {81ACB2E8-F0BE-42AC-8DD2-E9A1F284E49B}
	EndProjectSection
EndProject
Project("{2150E333-8FDC-42A3-9474-1A3956D46DE8}") = "Tests", "Tests", "{46B48EEE-2014-458F-96EA-37C4A219D4DB}"
EndProject
Project("{9A19103F-16F7-4668-BE54-9A1E7A4F7556}") = "ProxyLibrary", "Proxy\ProxyLibrary\ProxyLibrary.csproj", "{81ACB2E8-F0BE-42AC-8DD2-E9A1F284E49B}"
EndProject
Project("{9A19103F-16F7-4668-BE54-9A1E7A4F7556}") = "ClientLibrary", "Client\ClientLibrary\ClientLibrary.csproj", "{74E6B785-7282-4930-A93B-F37790087D37}"
	ProjectSection(ProjectDependencies) = postProject
		{81ACB2E8-F0BE-42AC-8DD2-E9A1F284E49B} = {81ACB2E8-F0BE-42AC-8DD2-E9A1F284E49B}
	EndProjectSection
EndProject
Project("{2150E333-8FDC-42A3-9474-1A3956D46DE8}") = "Demo", "Demo", "{8A1F6F27-3398-4C23-93A5-50F68665D425}"
EndProject
Project("{9A19103F-16F7-4668-BE54-9A1E7A4F7556}") = "Demo.Client", "Tests\Demo\Demo.Client\Demo.Client.csproj", "{6156775B-E35D-476D-971B-01CD9B880F35}"
	ProjectSection(ProjectDependencies) = postProject
		{74E6B785-7282-4930-A93B-F37790087D37} = {74E6B785-7282-4930-A93B-F37790087D37}
		{81ACB2E8-F0BE-42AC-8DD2-E9A1F284E49B} = {81ACB2E8-F0BE-42AC-8DD2-E9A1F284E49B}
	EndProjectSection
EndProject
Project("{9A19103F-16F7-4668-BE54-9A1E7A4F7556}") = "Demo.Server", "Tests\Demo\Demo.Server\Demo.Server.csproj", "{7DBD04D7-4625-4C0D-908B-9C193EF02E3B}"
	ProjectSection(ProjectDependencies) = postProject
		{04AD2349-528E-4C7D-93B6-F536993AB66D} = {04AD2349-528E-4C7D-93B6-F536993AB66D}
		{81ACB2E8-F0BE-42AC-8DD2-E9A1F284E49B} = {81ACB2E8-F0BE-42AC-8DD2-E9A1F284E49B}
	EndProjectSection
EndProject
Project("{FAE04EC0-301F-11D3-BF4B-00C04F79EFBC}") = "Demo.Proxy", "Tests\Demo\Demo.Proxy\Demo.Proxy.csproj", "{9EAA55F2-7697-42C6-8682-701B2C5DDE8D}"
EndProject
Project("{2150E333-8FDC-42A3-9474-1A3956D46DE8}") = "UTests", "UTests", "{69161D2B-F536-44F1-BBCF-AED3FD4A80E8}"
EndProject
Project("{FAE04EC0-301F-11D3-BF4B-00C04F79EFBC}") = "UTests.MSTestv2", "Tests\UTests\UTests.MSTestv2\UTests.MSTestv2.csproj", "{83F0E496-ED55-45D3-B040-392C6CD2C47B}"
EndProject
Global
	GlobalSection(SolutionConfigurationPlatforms) = preSolution
		Debug|Any CPU = Debug|Any CPU
		Release|Any CPU = Release|Any CPU
	EndGlobalSection
	GlobalSection(ProjectConfigurationPlatforms) = postSolution
		{04AD2349-528E-4C7D-93B6-F536993AB66D}.Debug|Any CPU.ActiveCfg = Debug|Any CPU
		{04AD2349-528E-4C7D-93B6-F536993AB66D}.Debug|Any CPU.Build.0 = Debug|Any CPU
		{04AD2349-528E-4C7D-93B6-F536993AB66D}.Release|Any CPU.ActiveCfg = Release|Any CPU
		{04AD2349-528E-4C7D-93B6-F536993AB66D}.Release|Any CPU.Build.0 = Release|Any CPU
		{81ACB2E8-F0BE-42AC-8DD2-E9A1F284E49B}.Debug|Any CPU.ActiveCfg = Debug|Any CPU
		{81ACB2E8-F0BE-42AC-8DD2-E9A1F284E49B}.Debug|Any CPU.Build.0 = Debug|Any CPU
		{81ACB2E8-F0BE-42AC-8DD2-E9A1F284E49B}.Release|Any CPU.ActiveCfg = Release|Any CPU
		{81ACB2E8-F0BE-42AC-8DD2-E9A1F284E49B}.Release|Any CPU.Build.0 = Release|Any CPU
		{74E6B785-7282-4930-A93B-F37790087D37}.Debug|Any CPU.ActiveCfg = Debug|Any CPU
		{74E6B785-7282-4930-A93B-F37790087D37}.Debug|Any CPU.Build.0 = Debug|Any CPU
		{74E6B785-7282-4930-A93B-F37790087D37}.Release|Any CPU.ActiveCfg = Release|Any CPU
		{74E6B785-7282-4930-A93B-F37790087D37}.Release|Any CPU.Build.0 = Release|Any CPU
		{6156775B-E35D-476D-971B-01CD9B880F35}.Debug|Any CPU.ActiveCfg = Debug|Any CPU
		{6156775B-E35D-476D-971B-01CD9B880F35}.Debug|Any CPU.Build.0 = Debug|Any CPU
		{6156775B-E35D-476D-971B-01CD9B880F35}.Release|Any CPU.ActiveCfg = Release|Any CPU
		{6156775B-E35D-476D-971B-01CD9B880F35}.Release|Any CPU.Build.0 = Release|Any CPU
		{7DBD04D7-4625-4C0D-908B-9C193EF02E3B}.Debug|Any CPU.ActiveCfg = Debug|Any CPU
		{7DBD04D7-4625-4C0D-908B-9C193EF02E3B}.Debug|Any CPU.Build.0 = Debug|Any CPU
		{7DBD04D7-4625-4C0D-908B-9C193EF02E3B}.Release|Any CPU.ActiveCfg = Release|Any CPU
		{7DBD04D7-4625-4C0D-908B-9C193EF02E3B}.Release|Any CPU.Build.0 = Release|Any CPU
		{9EAA55F2-7697-42C6-8682-701B2C5DDE8D}.Debug|Any CPU.ActiveCfg = Debug|Any CPU
		{9EAA55F2-7697-42C6-8682-701B2C5DDE8D}.Debug|Any CPU.Build.0 = Debug|Any CPU
		{9EAA55F2-7697-42C6-8682-701B2C5DDE8D}.Release|Any CPU.ActiveCfg = Release|Any CPU
		{9EAA55F2-7697-42C6-8682-701B2C5DDE8D}.Release|Any CPU.Build.0 = Release|Any CPU
		{83F0E496-ED55-45D3-B040-392C6CD2C47B}.Debug|Any CPU.ActiveCfg = Debug|Any CPU
		{83F0E496-ED55-45D3-B040-392C6CD2C47B}.Debug|Any CPU.Build.0 = Debug|Any CPU
		{83F0E496-ED55-45D3-B040-392C6CD2C47B}.Release|Any CPU.ActiveCfg = Release|Any CPU
		{83F0E496-ED55-45D3-B040-392C6CD2C47B}.Release|Any CPU.Build.0 = Release|Any CPU
	EndGlobalSection
	GlobalSection(SolutionProperties) = preSolution
		HideSolutionNode = FALSE
	EndGlobalSection
	GlobalSection(NestedProjects) = preSolution
		{8A1F6F27-3398-4C23-93A5-50F68665D425} = {46B48EEE-2014-458F-96EA-37C4A219D4DB}
		{6156775B-E35D-476D-971B-01CD9B880F35} = {8A1F6F27-3398-4C23-93A5-50F68665D425}
		{7DBD04D7-4625-4C0D-908B-9C193EF02E3B} = {8A1F6F27-3398-4C23-93A5-50F68665D425}
		{9EAA55F2-7697-42C6-8682-701B2C5DDE8D} = {8A1F6F27-3398-4C23-93A5-50F68665D425}
		{69161D2B-F536-44F1-BBCF-AED3FD4A80E8} = {46B48EEE-2014-458F-96EA-37C4A219D4DB}
		{83F0E496-ED55-45D3-B040-392C6CD2C47B} = {69161D2B-F536-44F1-BBCF-AED3FD4A80E8}
	EndGlobalSection
	GlobalSection(ExtensibilityGlobals) = postSolution
		SolutionGuid = {994277E7-540D-440C-A807-E142F8F6EE20}
	EndGlobalSection
EndGlobal
